{"format_version":"1.2","terraform_version":"1.10.4","planned_values":{"root_module":{"resources":[{"address":"aws_autoscaling_group.db_asg","mode":"managed","type":"aws_autoscaling_group","name":"db_asg","provider_name":"registry.terraform.io/hashicorp/aws","schema_version":1,"values":{"capacity_rebalance":null,"context":null,"default_instance_warmup":null,"desired_capacity":2,"desired_capacity_type":null,"enabled_metrics":null,"force_delete":false,"force_delete_warm_pool":false,"health_check_grace_period":300,"ignore_failed_scaling_activities":false,"initial_lifecycle_hook":[],"instance_maintenance_policy":[],"instance_refresh":[],"launch_configuration":null,"launch_template":[{"version":"$Latest"}],"max_instance_lifetime":null,"max_size":5,"metrics_granularity":"1Minute","min_elb_capacity":null,"min_size":2,"name":"aalimsee-tf-db-asg","placement_group":null,"protect_from_scale_in":false,"suspended_processes":null,"tag":[{"key":"Name","propagate_at_launch":true,"value":"aalimsee-tf-db-asg"}],"termination_policies":null,"timeouts":null,"wait_for_capacity_timeout":"10m","wait_for_elb_capacity":null,"warm_pool":[]},"sensitive_values":{"availability_zone_distribution":[],"availability_zones":[],"initial_lifecycle_hook":[],"instance_maintenance_policy":[],"instance_refresh":[],"launch_template":[{}],"load_balancers":[],"mixed_instances_policy":[],"tag":[{}],"target_group_arns":[],"traffic_source":[],"vpc_zone_identifier":[],"warm_pool":[]}},{"address":"aws_autoscaling_group.web_asg","mode":"managed","type":"aws_autoscaling_group","name":"web_asg","provider_name":"registry.terraform.io/hashicorp/aws","schema_version":1,"values":{"capacity_rebalance":null,"context":null,"default_instance_warmup":null,"desired_capacity":2,"desired_capacity_type":null,"enabled_metrics":null,"force_delete":false,"force_delete_warm_pool":false,"health_check_grace_period":300,"ignore_failed_scaling_activities":false,"initial_lifecycle_hook":[],"instance_maintenance_policy":[],"instance_refresh":[],"launch_configuration":null,"launch_template":[{"version":"$Latest"}],"max_instance_lifetime":null,"max_size":5,"metrics_granularity":"1Minute","min_elb_capacity":null,"min_size":2,"name":"aalimsee-tf-web-asg","placement_group":null,"protect_from_scale_in":false,"suspended_processes":null,"tag":[{"key":"Name","propagate_at_launch":true,"value":"aalimsee-tf-web-asg"}],"termination_policies":null,"timeouts":null,"wait_for_capacity_timeout":"10m","wait_for_elb_capacity":null,"warm_pool":[]},"sensitive_values":{"availability_zone_distribution":[],"availability_zones":[],"initial_lifecycle_hook":[],"instance_maintenance_policy":[],"instance_refresh":[],"launch_template":[{}],"load_balancers":[],"mixed_instances_policy":[],"tag":[{}],"target_group_arns":[],"traffic_source":[],"vpc_zone_identifier":[],"warm_pool":[]}},{"address":"aws_internet_gateway.aalimsee_tf_igw","mode":"managed","type":"aws_internet_gateway","name":"aalimsee_tf_igw","provider_name":"registry.terraform.io/hashicorp/aws","schema_version":0,"values":{"tags":{"CreatedBy":"aalimsee-tf","Name":"aalimsee-tf-igw"},"tags_all":{"CreatedBy":"aalimsee-tf","Name":"aalimsee-tf-igw"},"timeouts":null},"sensitive_values":{"tags":{},"tags_all":{}}},{"address":"aws_launch_template.db_asg_lt","mode":"managed","type":"aws_launch_template","name":"db_asg_lt","provider_name":"registry.terraform.io/hashicorp/aws","schema_version":0,"values":{"block_device_mappings":[],"capacity_reservation_specification":[],"cpu_options":[],"credit_specification":[],"description":null,"disable_api_stop":null,"disable_api_termination":null,"ebs_optimized":null,"elastic_gpu_specifications":[],"elastic_inference_accelerator":[],"enclave_options":[],"hibernation_options":[],"iam_instance_profile":[],"image_id":"ami-05576a079321f21f8","instance_initiated_shutdown_behavior":null,"instance_market_options":[],"instance_requirements":[],"instance_type":"t2.micro","kernel_id":null,"key_name":"aalimsee-keypair","license_specification":[],"maintenance_options":[],"monitoring":[],"name":"aalimsee-tf-db-launch-template","network_interfaces":[],"placement":[],"private_dns_name_options":[],"ram_disk_id":null,"security_group_names":null,"tag_specifications":[{"resource_type":"instance","tags":{"CreatedBy":"aalimsee-tf","Name":"aalimsee-tf-db-instance"}}],"tags":null,"update_default_version":null,"user_data":null,"vpc_security_group_ids":null},"sensitive_values":{"block_device_mappings":[],"capacity_reservation_specification":[],"cpu_options":[],"credit_specification":[],"elastic_gpu_specifications":[],"elastic_inference_accelerator":[],"enclave_options":[],"hibernation_options":[],"iam_instance_profile":[],"instance_market_options":[],"instance_requirements":[],"license_specification":[],"maintenance_options":[],"metadata_options":[],"monitoring":[],"network_interfaces":[],"placement":[],"private_dns_name_options":[],"tag_specifications":[{"tags":{}}],"tags_all":{}}},{"address":"aws_launch_template.web_asg_lt","mode":"managed","type":"aws_launch_template","name":"web_asg_lt","provider_name":"registry.terraform.io/hashicorp/aws","schema_version":0,"values":{"block_device_mappings":[],"capacity_reservation_specification":[],"cpu_options":[],"credit_specification":[],"description":null,"disable_api_stop":null,"disable_api_termination":null,"ebs_optimized":null,"elastic_gpu_specifications":[],"elastic_inference_accelerator":[],"enclave_options":[],"hibernation_options":[],"iam_instance_profile":[],"image_id":"ami-05576a079321f21f8","instance_initiated_shutdown_behavior":null,"instance_market_options":[],"instance_requirements":[],"instance_type":"t2.micro","kernel_id":null,"key_name":"aalimsee-keypair","license_specification":[],"maintenance_options":[],"metadata_options":[{"http_endpoint":"enabled","http_put_response_hop_limit":2,"http_tokens":"optional"}],"monitoring":[],"name":"aalimsee-tf-web-launch-template","network_interfaces":[],"placement":[],"private_dns_name_options":[],"ram_disk_id":null,"security_group_names":null,"tag_specifications":[],"tags":{"CreatedBy":"aalimsee-tf","Name":"aalimsee-tf-web-instance"},"tags_all":{"CreatedBy":"aalimsee-tf","Name":"aalimsee-tf-web-instance"},"update_default_version":null,"user_data":"IyEvYmluL2Jhc2gKeXVtIHVwZGF0ZSAteQp5dW0gaW5zdGFsbCBodHRwZCAteQplY2hvICI8aDE+SGVsbG8gZnJvbSBBcHBsaWNhdGlvbiAxLCBBYXJvbiBMaW08L2gxPiIgfCBzdWRvIHRlZSAvdmFyL3d3dy9odG1sL2luZGV4Lmh0bWwKZWNobyAiPGgxPkhlbGxvIGZyb20gSW5zdGFuY2UgJChjdXJsIC1zIGh0dHA6Ly8xNjkuMjU0LjE2OS4yNTQvbGF0ZXN0L21ldGEtZGF0YS9pbnN0YW5jZS1pZCk8L2gxPiIgfCBzdWRvIHRlZSAtYSAvdmFyL3d3dy9odG1sL2luZGV4Lmh0bWwKc3lzdGVtY3RsIHN0YXJ0IGh0dHBkCnN5c3RlbWN0bCBlbmFibGUgaHR0cGQK"},"sensitive_values":{"block_device_mappings":[],"capacity_reservation_specification":[],"cpu_options":[],"credit_specification":[],"elastic_gpu_specifications":[],"elastic_inference_accelerator":[],"enclave_options":[],"hibernation_options":[],"iam_instance_profile":[],"instance_market_options":[],"instance_requirements":[],"license_specification":[],"maintenance_options":[],"metadata_options":[{}],"monitoring":[],"network_interfaces":[],"placement":[],"private_dns_name_options":[],"tag_specifications":[],"tags":{},"tags_all":{},"vpc_security_group_ids":[]}},{"address":"aws_lb.internal_nlb","mode":"managed","type":"aws_lb","name":"internal_nlb","provider_name":"registry.terraform.io/hashicorp/aws","schema_version":0,"values":{"access_logs":[],"client_keep_alive":null,"connection_logs":[],"customer_owned_ipv4_pool":null,"desync_mitigation_mode":null,"dns_record_client_routing_policy":"any_availability_zone","drop_invalid_header_fields":null,"enable_cross_zone_load_balancing":false,"enable_deletion_protection":false,"enable_http2":null,"enable_tls_version_and_cipher_suite_headers":null,"enable_waf_fail_open":null,"enable_xff_client_port":null,"enable_zonal_shift":false,"idle_timeout":null,"internal":true,"load_balancer_type":"network","name":"aalimsee-tf-nlb","preserve_host_header":null,"tags":{"CreatedBy":"aalimsee-tf","Name":"aalimsee-tf-nlb"},"tags_all":{"CreatedBy":"aalimsee-tf","Name":"aalimsee-tf-nlb"},"timeouts":null,"xff_header_processing_mode":null},"sensitive_values":{"access_logs":[],"connection_logs":[],"security_groups":[],"subnet_mapping":[],"subnets":[],"tags":{},"tags_all":{}}},{"address":"aws_lb.public_alb","mode":"managed","type":"aws_lb","name":"public_alb","provider_name":"registry.terraform.io/hashicorp/aws","schema_version":0,"values":{"access_logs":[],"client_keep_alive":3600,"connection_logs":[],"customer_owned_ipv4_pool":null,"desync_mitigation_mode":"defensive","dns_record_client_routing_policy":null,"drop_invalid_header_fields":false,"enable_cross_zone_load_balancing":null,"enable_deletion_protection":false,"enable_http2":true,"enable_tls_version_and_cipher_suite_headers":false,"enable_waf_fail_open":false,"enable_xff_client_port":false,"enable_zonal_shift":null,"idle_timeout":60,"internal":false,"load_balancer_type":"application","name":"aalimsee-tf-alb","preserve_host_header":false,"tags":{"CreatedBy":"aalimsee-tf","Name":"aalimsee-tf-alb"},"tags_all":{"CreatedBy":"aalimsee-tf","Name":"aalimsee-tf-alb"},"timeouts":null,"xff_header_processing_mode":"append"},"sensitive_values":{"access_logs":[],"connection_logs":[],"security_groups":[],"subnet_mapping":[],"subnets":[],"tags":{},"tags_all":{}}},{"address":"aws_lb_listener.internal_listener","mode":"managed","type":"aws_lb_listener","name":"internal_listener","provider_name":"registry.terraform.io/hashicorp/aws","schema_version":0,"values":{"alpn_policy":null,"certificate_arn":null,"default_action":[{"authenticate_cognito":[],"authenticate_oidc":[],"fixed_response":[],"forward":[],"redirect":[],"type":"forward"}],"port":3306,"protocol":"TCP","tags":null,"timeouts":null},"sensitive_values":{"default_action":[{"authenticate_cognito":[],"authenticate_oidc":[],"fixed_response":[],"forward":[],"redirect":[]}],"mutual_authentication":[],"tags_all":{}}},{"address":"aws_lb_listener.public_listener","mode":"managed","type":"aws_lb_listener","name":"public_listener","provider_name":"registry.terraform.io/hashicorp/aws","schema_version":0,"values":{"alpn_policy":null,"certificate_arn":null,"default_action":[{"authenticate_cognito":[],"authenticate_oidc":[],"fixed_response":[],"forward":[],"redirect":[],"type":"forward"}],"port":80,"protocol":"HTTP","tags":null,"timeouts":null},"sensitive_values":{"default_action":[{"authenticate_cognito":[],"authenticate_oidc":[],"fixed_response":[],"forward":[],"redirect":[]}],"mutual_authentication":[],"tags_all":{}}},{"address":"aws_lb_target_group.internal_tg","mode":"managed","type":"aws_lb_target_group","name":"internal_tg","provider_name":"registry.terraform.io/hashicorp/aws","schema_version":0,"values":{"deregistration_delay":"300","lambda_multi_value_headers_enabled":false,"name":"aalimsee-tf-nlb-target-group","port":3306,"protocol":"TCP","proxy_protocol_v2":false,"slow_start":0,"tags":{"CreatedBy":"aalimsee-tf","Name":"aalimsee-tf-nlb-target-group"},"tags_all":{"CreatedBy":"aalimsee-tf","Name":"aalimsee-tf-nlb-target-group"},"target_type":"instance"},"sensitive_values":{"health_check":[],"load_balancer_arns":[],"stickiness":[],"tags":{},"tags_all":{},"target_failover":[],"target_group_health":[],"target_health_state":[]}},{"address":"aws_lb_target_group.public_tg","mode":"managed","type":"aws_lb_target_group","name":"public_tg","provider_name":"registry.terraform.io/hashicorp/aws","schema_version":0,"values":{"deregistration_delay":"300","lambda_multi_value_headers_enabled":false,"name":"aalimsee-tf-alb-target-group","port":80,"protocol":"HTTP","proxy_protocol_v2":false,"slow_start":0,"tags":{"CreatedBy":"aalimsee-tf","Name":"aalimsee-tf-alb-target-group"},"tags_all":{"CreatedBy":"aalimsee-tf","Name":"aalimsee-tf-alb-target-group"},"target_type":"instance"},"sensitive_values":{"health_check":[],"load_balancer_arns":[],"stickiness":[],"tags":{},"tags_all":{},"target_failover":[],"target_group_health":[],"target_health_state":[]}},{"address":"aws_route_table.aalimsee_tf_public","mode":"managed","type":"aws_route_table","name":"aalimsee_tf_public","provider_name":"registry.terraform.io/hashicorp/aws","schema_version":0,"values":{"route":[{"carrier_gateway_id":"","cidr_block":"0.0.0.0/0","core_network_arn":"","destination_prefix_list_id":"","egress_only_gateway_id":"","ipv6_cidr_block":"","local_gateway_id":"","nat_gateway_id":"","network_interface_id":"","transit_gateway_id":"","vpc_endpoint_id":"","vpc_peering_connection_id":""}],"tags":{"CreatedBy":"aalimsee-tf","Name":"aalimsee-tf-public-route-table"},"tags_all":{"CreatedBy":"aalimsee-tf","Name":"aalimsee-tf-public-route-table"},"timeouts":null},"sensitive_values":{"propagating_vgws":[],"route":[{}],"tags":{},"tags_all":{}}},{"address":"aws_route_table_association.aalimsee_tf_public[0]","mode":"managed","type":"aws_route_table_association","name":"aalimsee_tf_public","index":0,"provider_name":"registry.terraform.io/hashicorp/aws","schema_version":0,"values":{"gateway_id":null,"timeouts":null},"sensitive_values":{}},{"address":"aws_route_table_association.aalimsee_tf_public[1]","mode":"managed","type":"aws_route_table_association","name":"aalimsee_tf_public","index":1,"provider_name":"registry.terraform.io/hashicorp/aws","schema_version":0,"values":{"gateway_id":null,"timeouts":null},"sensitive_values":{}},{"address":"aws_route_table_association.aalimsee_tf_public[2]","mode":"managed","type":"aws_route_table_association","name":"aalimsee_tf_public","index":2,"provider_name":"registry.terraform.io/hashicorp/aws","schema_version":0,"values":{"gateway_id":null,"timeouts":null},"sensitive_values":{}},{"address":"aws_security_group.nlb","mode":"managed","type":"aws_security_group","name":"nlb","provider_name":"registry.terraform.io/hashicorp/aws","schema_version":1,"values":{"description":"Managed by Terraform","egress":[{"cidr_blocks":["0.0.0.0/0"],"description":"Allow all outbound traffic","from_port":0,"ipv6_cidr_blocks":[],"prefix_list_ids":[],"protocol":"-1","security_groups":[],"self":false,"to_port":0}],"ingress":[{"cidr_blocks":["0.0.0.0/0"],"description":"Allow HTTP traffic to NLB","from_port":80,"ipv6_cidr_blocks":[],"prefix_list_ids":[],"protocol":"tcp","security_groups":[],"self":false,"to_port":80}],"name":"aalimsee-tf-nlb-sg","revoke_rules_on_delete":false,"tags":{"CreatedBy":"aalimsee-tf","Name":"aalimsee-tf-nlb-sg"},"tags_all":{"CreatedBy":"aalimsee-tf","Name":"aalimsee-tf-nlb-sg"},"timeouts":null},"sensitive_values":{"egress":[{"cidr_blocks":[false],"ipv6_cidr_blocks":[],"prefix_list_ids":[],"security_groups":[]}],"ingress":[{"cidr_blocks":[false],"ipv6_cidr_blocks":[],"prefix_list_ids":[],"security_groups":[]}],"tags":{},"tags_all":{}}},{"address":"aws_security_group.web","mode":"managed","type":"aws_security_group","name":"web","provider_name":"registry.terraform.io/hashicorp/aws","schema_version":1,"values":{"description":"Managed by Terraform","egress":[{"cidr_blocks":["0.0.0.0/0"],"description":"Allow all outbound traffic","from_port":0,"ipv6_cidr_blocks":[],"prefix_list_ids":[],"protocol":"-1","security_groups":[],"self":false,"to_port":0}],"ingress":[{"cidr_blocks":["0.0.0.0/0"],"description":"Allow HTTP traffic","from_port":80,"ipv6_cidr_blocks":[],"prefix_list_ids":[],"protocol":"tcp","security_groups":[],"self":false,"to_port":80},{"cidr_blocks":["0.0.0.0/0"],"description":"Allow SSH traffic","from_port":22,"ipv6_cidr_blocks":[],"prefix_list_ids":[],"protocol":"tcp","security_groups":[],"self":false,"to_port":22}],"name":"aalimsee-tf-web-sg","revoke_rules_on_delete":false,"tags":{"CreatedBy":"aalimsee-tf","Name":"aalimsee-tf-web-sg"},"tags_all":{"CreatedBy":"aalimsee-tf","Name":"aalimsee-tf-web-sg"},"timeouts":null},"sensitive_values":{"egress":[{"cidr_blocks":[false],"ipv6_cidr_blocks":[],"prefix_list_ids":[],"security_groups":[]}],"ingress":[{"cidr_blocks":[false],"ipv6_cidr_blocks":[],"prefix_list_ids":[],"security_groups":[]},{"cidr_blocks":[false],"ipv6_cidr_blocks":[],"prefix_list_ids":[],"security_groups":[]}],"tags":{},"tags_all":{}}},{"address":"aws_subnet.aalimsee_tf_private[0]","mode":"managed","type":"aws_subnet","name":"aalimsee_tf_private","index":0,"provider_name":"registry.terraform.io/hashicorp/aws","schema_version":1,"values":{"assign_ipv6_address_on_creation":false,"availability_zone":"us-east-1a","cidr_block":"10.0.4.0/24","customer_owned_ipv4_pool":null,"enable_dns64":false,"enable_lni_at_device_index":null,"enable_resource_name_dns_a_record_on_launch":false,"enable_resource_name_dns_aaaa_record_on_launch":false,"ipv6_cidr_block":null,"ipv6_native":false,"map_customer_owned_ip_on_launch":null,"map_public_ip_on_launch":false,"outpost_arn":null,"tags":{"CreatedBy":"aalimsee-tf","Name":"aalimsee-tf-private-subnet-1"},"tags_all":{"CreatedBy":"aalimsee-tf","Name":"aalimsee-tf-private-subnet-1"},"timeouts":null},"sensitive_values":{"tags":{},"tags_all":{}}},{"address":"aws_subnet.aalimsee_tf_private[1]","mode":"managed","type":"aws_subnet","name":"aalimsee_tf_private","index":1,"provider_name":"registry.terraform.io/hashicorp/aws","schema_version":1,"values":{"assign_ipv6_address_on_creation":false,"availability_zone":"us-east-1b","cidr_block":"10.0.5.0/24","customer_owned_ipv4_pool":null,"enable_dns64":false,"enable_lni_at_device_index":null,"enable_resource_name_dns_a_record_on_launch":false,"enable_resource_name_dns_aaaa_record_on_launch":false,"ipv6_cidr_block":null,"ipv6_native":false,"map_customer_owned_ip_on_launch":null,"map_public_ip_on_launch":false,"outpost_arn":null,"tags":{"CreatedBy":"aalimsee-tf","Name":"aalimsee-tf-private-subnet-2"},"tags_all":{"CreatedBy":"aalimsee-tf","Name":"aalimsee-tf-private-subnet-2"},"timeouts":null},"sensitive_values":{"tags":{},"tags_all":{}}},{"address":"aws_subnet.aalimsee_tf_private[2]","mode":"managed","type":"aws_subnet","name":"aalimsee_tf_private","index":2,"provider_name":"registry.terraform.io/hashicorp/aws","schema_version":1,"values":{"assign_ipv6_address_on_creation":false,"availability_zone":"us-east-1c","cidr_block":"10.0.6.0/24","customer_owned_ipv4_pool":null,"enable_dns64":false,"enable_lni_at_device_index":null,"enable_resource_name_dns_a_record_on_launch":false,"enable_resource_name_dns_aaaa_record_on_launch":false,"ipv6_cidr_block":null,"ipv6_native":false,"map_customer_owned_ip_on_launch":null,"map_public_ip_on_launch":false,"outpost_arn":null,"tags":{"CreatedBy":"aalimsee-tf","Name":"aalimsee-tf-private-subnet-3"},"tags_all":{"CreatedBy":"aalimsee-tf","Name":"aalimsee-tf-private-subnet-3"},"timeouts":null},"sensitive_values":{"tags":{},"tags_all":{}}},{"address":"aws_subnet.aalimsee_tf_public[0]","mode":"managed","type":"aws_subnet","name":"aalimsee_tf_public","index":0,"provider_name":"registry.terraform.io/hashicorp/aws","schema_version":1,"values":{"assign_ipv6_address_on_creation":false,"availability_zone":"us-east-1a","cidr_block":"10.0.1.0/24","customer_owned_ipv4_pool":null,"enable_dns64":false,"enable_lni_at_device_index":null,"enable_resource_name_dns_a_record_on_launch":false,"enable_resource_name_dns_aaaa_record_on_launch":false,"ipv6_cidr_block":null,"ipv6_native":false,"map_customer_owned_ip_on_launch":null,"map_public_ip_on_launch":true,"outpost_arn":null,"tags":{"CreatedBy":"aalimsee-tf","Name":"aalimsee-tf-public-subnet-1"},"tags_all":{"CreatedBy":"aalimsee-tf","Name":"aalimsee-tf-public-subnet-1"},"timeouts":null},"sensitive_values":{"tags":{},"tags_all":{}}},{"address":"aws_subnet.aalimsee_tf_public[1]","mode":"managed","type":"aws_subnet","name":"aalimsee_tf_public","index":1,"provider_name":"registry.terraform.io/hashicorp/aws","schema_version":1,"values":{"assign_ipv6_address_on_creation":false,"availability_zone":"us-east-1b","cidr_block":"10.0.2.0/24","customer_owned_ipv4_pool":null,"enable_dns64":false,"enable_lni_at_device_index":null,"enable_resource_name_dns_a_record_on_launch":false,"enable_resource_name_dns_aaaa_record_on_launch":false,"ipv6_cidr_block":null,"ipv6_native":false,"map_customer_owned_ip_on_launch":null,"map_public_ip_on_launch":true,"outpost_arn":null,"tags":{"CreatedBy":"aalimsee-tf","Name":"aalimsee-tf-public-subnet-2"},"tags_all":{"CreatedBy":"aalimsee-tf","Name":"aalimsee-tf-public-subnet-2"},"timeouts":null},"sensitive_values":{"tags":{},"tags_all":{}}},{"address":"aws_subnet.aalimsee_tf_public[2]","mode":"managed","type":"aws_subnet","name":"aalimsee_tf_public","index":2,"provider_name":"registry.terraform.io/hashicorp/aws","schema_version":1,"values":{"assign_ipv6_address_on_creation":false,"availability_zone":"us-east-1c","cidr_block":"10.0.3.0/24","customer_owned_ipv4_pool":null,"enable_dns64":false,"enable_lni_at_device_index":null,"enable_resource_name_dns_a_record_on_launch":false,"enable_resource_name_dns_aaaa_record_on_launch":false,"ipv6_cidr_block":null,"ipv6_native":false,"map_customer_owned_ip_on_launch":null,"map_public_ip_on_launch":true,"outpost_arn":null,"tags":{"CreatedBy":"aalimsee-tf","Name":"aalimsee-tf-public-subnet-3"},"tags_all":{"CreatedBy":"aalimsee-tf","Name":"aalimsee-tf-public-subnet-3"},"timeouts":null},"sensitive_values":{"tags":{},"tags_all":{}}},{"address":"aws_vpc.aalimsee_tf_main","mode":"managed","type":"aws_vpc","name":"aalimsee_tf_main","provider_name":"registry.terraform.io/hashicorp/aws","schema_version":1,"values":{"assign_generated_ipv6_cidr_block":null,"cidr_block":"10.0.0.0/16","enable_dns_hostnames":true,"enable_dns_support":true,"instance_tenancy":"default","ipv4_ipam_pool_id":null,"ipv4_netmask_length":null,"ipv6_ipam_pool_id":null,"ipv6_netmask_length":null,"tags":{"CreatedBy":"aalimsee-tf","Name":"aalimsee-tf-vpc"},"tags_all":{"CreatedBy":"aalimsee-tf","Name":"aalimsee-tf-vpc"}},"sensitive_values":{"tags":{},"tags_all":{}}}]}},"resource_changes":[{"address":"aws_autoscaling_group.db_asg","mode":"managed","type":"aws_autoscaling_group","name":"db_asg","provider_name":"registry.terraform.io/hashicorp/aws","change":{"actions":["create"],"before":null,"after":{"capacity_rebalance":null,"context":null,"default_instance_warmup":null,"desired_capacity":2,"desired_capacity_type":null,"enabled_metrics":null,"force_delete":false,"force_delete_warm_pool":false,"health_check_grace_period":300,"ignore_failed_scaling_activities":false,"initial_lifecycle_hook":[],"instance_maintenance_policy":[],"instance_refresh":[],"launch_configuration":null,"launch_template":[{"version":"$Latest"}],"max_instance_lifetime":null,"max_size":5,"metrics_granularity":"1Minute","min_elb_capacity":null,"min_size":2,"name":"aalimsee-tf-db-asg","placement_group":null,"protect_from_scale_in":false,"suspended_processes":null,"tag":[{"key":"Name","propagate_at_launch":true,"value":"aalimsee-tf-db-asg"}],"termination_policies":null,"timeouts":null,"wait_for_capacity_timeout":"10m","wait_for_elb_capacity":null,"warm_pool":[]},"after_unknown":{"arn":true,"availability_zone_distribution":true,"availability_zones":true,"default_cooldown":true,"health_check_type":true,"id":true,"initial_lifecycle_hook":[],"instance_maintenance_policy":[],"instance_refresh":[],"launch_template":[{"id":true,"name":true}],"load_balancers":true,"mixed_instances_policy":true,"name_prefix":true,"predicted_capacity":true,"service_linked_role_arn":true,"tag":[{}],"target_group_arns":true,"traffic_source":true,"vpc_zone_identifier":true,"warm_pool":[],"warm_pool_size":true},"before_sensitive":false,"after_sensitive":{"availability_zone_distribution":[],"availability_zones":[],"initial_lifecycle_hook":[],"instance_maintenance_policy":[],"instance_refresh":[],"launch_template":[{}],"load_balancers":[],"mixed_instances_policy":[],"tag":[{}],"target_group_arns":[],"traffic_source":[],"vpc_zone_identifier":[],"warm_pool":[]}}},{"address":"aws_autoscaling_group.web_asg","mode":"managed","type":"aws_autoscaling_group","name":"web_asg","provider_name":"registry.terraform.io/hashicorp/aws","change":{"actions":["create"],"before":null,"after":{"capacity_rebalance":null,"context":null,"default_instance_warmup":null,"desired_capacity":2,"desired_capacity_type":null,"enabled_metrics":null,"force_delete":false,"force_delete_warm_pool":false,"health_check_grace_period":300,"ignore_failed_scaling_activities":false,"initial_lifecycle_hook":[],"instance_maintenance_policy":[],"instance_refresh":[],"launch_configuration":null,"launch_template":[{"version":"$Latest"}],"max_instance_lifetime":null,"max_size":5,"metrics_granularity":"1Minute","min_elb_capacity":null,"min_size":2,"name":"aalimsee-tf-web-asg","placement_group":null,"protect_from_scale_in":false,"suspended_processes":null,"tag":[{"key":"Name","propagate_at_launch":true,"value":"aalimsee-tf-web-asg"}],"termination_policies":null,"timeouts":null,"wait_for_capacity_timeout":"10m","wait_for_elb_capacity":null,"warm_pool":[]},"after_unknown":{"arn":true,"availability_zone_distribution":true,"availability_zones":true,"default_cooldown":true,"health_check_type":true,"id":true,"initial_lifecycle_hook":[],"instance_maintenance_policy":[],"instance_refresh":[],"launch_template":[{"id":true,"name":true}],"load_balancers":true,"mixed_instances_policy":true,"name_prefix":true,"predicted_capacity":true,"service_linked_role_arn":true,"tag":[{}],"target_group_arns":true,"traffic_source":true,"vpc_zone_identifier":true,"warm_pool":[],"warm_pool_size":true},"before_sensitive":false,"after_sensitive":{"availability_zone_distribution":[],"availability_zones":[],"initial_lifecycle_hook":[],"instance_maintenance_policy":[],"instance_refresh":[],"launch_template":[{}],"load_balancers":[],"mixed_instances_policy":[],"tag":[{}],"target_group_arns":[],"traffic_source":[],"vpc_zone_identifier":[],"warm_pool":[]}}},{"address":"aws_internet_gateway.aalimsee_tf_igw","mode":"managed","type":"aws_internet_gateway","name":"aalimsee_tf_igw","provider_name":"registry.terraform.io/hashicorp/aws","change":{"actions":["create"],"before":null,"after":{"tags":{"CreatedBy":"aalimsee-tf","Name":"aalimsee-tf-igw"},"tags_all":{"CreatedBy":"aalimsee-tf","Name":"aalimsee-tf-igw"},"timeouts":null},"after_unknown":{"arn":true,"id":true,"owner_id":true,"tags":{},"tags_all":{},"vpc_id":true},"before_sensitive":false,"after_sensitive":{"tags":{},"tags_all":{}}}},{"address":"aws_launch_template.db_asg_lt","mode":"managed","type":"aws_launch_template","name":"db_asg_lt","provider_name":"registry.terraform.io/hashicorp/aws","change":{"actions":["create"],"before":null,"after":{"block_device_mappings":[],"capacity_reservation_specification":[],"cpu_options":[],"credit_specification":[],"description":null,"disable_api_stop":null,"disable_api_termination":null,"ebs_optimized":null,"elastic_gpu_specifications":[],"elastic_inference_accelerator":[],"enclave_options":[],"hibernation_options":[],"iam_instance_profile":[],"image_id":"ami-05576a079321f21f8","instance_initiated_shutdown_behavior":null,"instance_market_options":[],"instance_requirements":[],"instance_type":"t2.micro","kernel_id":null,"key_name":"aalimsee-keypair","license_specification":[],"maintenance_options":[],"monitoring":[],"name":"aalimsee-tf-db-launch-template","network_interfaces":[],"placement":[],"private_dns_name_options":[],"ram_disk_id":null,"security_group_names":null,"tag_specifications":[{"resource_type":"instance","tags":{"CreatedBy":"aalimsee-tf","Name":"aalimsee-tf-db-instance"}}],"tags":null,"update_default_version":null,"user_data":null,"vpc_security_group_ids":null},"after_unknown":{"arn":true,"block_device_mappings":[],"capacity_reservation_specification":[],"cpu_options":[],"credit_specification":[],"default_version":true,"elastic_gpu_specifications":[],"elastic_inference_accelerator":[],"enclave_options":[],"hibernation_options":[],"iam_instance_profile":[],"id":true,"instance_market_options":[],"instance_requirements":[],"latest_version":true,"license_specification":[],"maintenance_options":[],"metadata_options":true,"monitoring":[],"name_prefix":true,"network_interfaces":[],"placement":[],"private_dns_name_options":[],"tag_specifications":[{"tags":{}}],"tags_all":true},"before_sensitive":false,"after_sensitive":{"block_device_mappings":[],"capacity_reservation_specification":[],"cpu_options":[],"credit_specification":[],"elastic_gpu_specifications":[],"elastic_inference_accelerator":[],"enclave_options":[],"hibernation_options":[],"iam_instance_profile":[],"instance_market_options":[],"instance_requirements":[],"license_specification":[],"maintenance_options":[],"metadata_options":[],"monitoring":[],"network_interfaces":[],"placement":[],"private_dns_name_options":[],"tag_specifications":[{"tags":{}}],"tags_all":{}}}},{"address":"aws_launch_template.web_asg_lt","mode":"managed","type":"aws_launch_template","name":"web_asg_lt","provider_name":"registry.terraform.io/hashicorp/aws","change":{"actions":["create"],"before":null,"after":{"block_device_mappings":[],"capacity_reservation_specification":[],"cpu_options":[],"credit_specification":[],"description":null,"disable_api_stop":null,"disable_api_termination":null,"ebs_optimized":null,"elastic_gpu_specifications":[],"elastic_inference_accelerator":[],"enclave_options":[],"hibernation_options":[],"iam_instance_profile":[],"image_id":"ami-05576a079321f21f8","instance_initiated_shutdown_behavior":null,"instance_market_options":[],"instance_requirements":[],"instance_type":"t2.micro","kernel_id":null,"key_name":"aalimsee-keypair","license_specification":[],"maintenance_options":[],"metadata_options":[{"http_endpoint":"enabled","http_put_response_hop_limit":2,"http_tokens":"optional"}],"monitoring":[],"name":"aalimsee-tf-web-launch-template","network_interfaces":[],"placement":[],"private_dns_name_options":[],"ram_disk_id":null,"security_group_names":null,"tag_specifications":[],"tags":{"CreatedBy":"aalimsee-tf","Name":"aalimsee-tf-web-instance"},"tags_all":{"CreatedBy":"aalimsee-tf","Name":"aalimsee-tf-web-instance"},"update_default_version":null,"user_data":"IyEvYmluL2Jhc2gKeXVtIHVwZGF0ZSAteQp5dW0gaW5zdGFsbCBodHRwZCAteQplY2hvICI8aDE+SGVsbG8gZnJvbSBBcHBsaWNhdGlvbiAxLCBBYXJvbiBMaW08L2gxPiIgfCBzdWRvIHRlZSAvdmFyL3d3dy9odG1sL2luZGV4Lmh0bWwKZWNobyAiPGgxPkhlbGxvIGZyb20gSW5zdGFuY2UgJChjdXJsIC1zIGh0dHA6Ly8xNjkuMjU0LjE2OS4yNTQvbGF0ZXN0L21ldGEtZGF0YS9pbnN0YW5jZS1pZCk8L2gxPiIgfCBzdWRvIHRlZSAtYSAvdmFyL3d3dy9odG1sL2luZGV4Lmh0bWwKc3lzdGVtY3RsIHN0YXJ0IGh0dHBkCnN5c3RlbWN0bCBlbmFibGUgaHR0cGQK"},"after_unknown":{"arn":true,"block_device_mappings":[],"capacity_reservation_specification":[],"cpu_options":[],"credit_specification":[],"default_version":true,"elastic_gpu_specifications":[],"elastic_inference_accelerator":[],"enclave_options":[],"hibernation_options":[],"iam_instance_profile":[],"id":true,"instance_market_options":[],"instance_requirements":[],"latest_version":true,"license_specification":[],"maintenance_options":[],"metadata_options":[{"http_protocol_ipv6":true,"instance_metadata_tags":true}],"monitoring":[],"name_prefix":true,"network_interfaces":[],"placement":[],"private_dns_name_options":[],"tag_specifications":[],"tags":{},"tags_all":{},"vpc_security_group_ids":true},"before_sensitive":false,"after_sensitive":{"block_device_mappings":[],"capacity_reservation_specification":[],"cpu_options":[],"credit_specification":[],"elastic_gpu_specifications":[],"elastic_inference_accelerator":[],"enclave_options":[],"hibernation_options":[],"iam_instance_profile":[],"instance_market_options":[],"instance_requirements":[],"license_specification":[],"maintenance_options":[],"metadata_options":[{}],"monitoring":[],"network_interfaces":[],"placement":[],"private_dns_name_options":[],"tag_specifications":[],"tags":{},"tags_all":{},"vpc_security_group_ids":[]}}},{"address":"aws_lb.internal_nlb","mode":"managed","type":"aws_lb","name":"internal_nlb","provider_name":"registry.terraform.io/hashicorp/aws","change":{"actions":["create"],"before":null,"after":{"access_logs":[],"client_keep_alive":null,"connection_logs":[],"customer_owned_ipv4_pool":null,"desync_mitigation_mode":null,"dns_record_client_routing_policy":"any_availability_zone","drop_invalid_header_fields":null,"enable_cross_zone_load_balancing":false,"enable_deletion_protection":false,"enable_http2":null,"enable_tls_version_and_cipher_suite_headers":null,"enable_waf_fail_open":null,"enable_xff_client_port":null,"enable_zonal_shift":false,"idle_timeout":null,"internal":true,"load_balancer_type":"network","name":"aalimsee-tf-nlb","preserve_host_header":null,"tags":{"CreatedBy":"aalimsee-tf","Name":"aalimsee-tf-nlb"},"tags_all":{"CreatedBy":"aalimsee-tf","Name":"aalimsee-tf-nlb"},"timeouts":null,"xff_header_processing_mode":null},"after_unknown":{"access_logs":[],"arn":true,"arn_suffix":true,"connection_logs":[],"dns_name":true,"enforce_security_group_inbound_rules_on_private_link_traffic":true,"id":true,"ip_address_type":true,"name_prefix":true,"security_groups":true,"subnet_mapping":true,"subnets":true,"tags":{},"tags_all":{},"vpc_id":true,"zone_id":true},"before_sensitive":false,"after_sensitive":{"access_logs":[],"connection_logs":[],"security_groups":[],"subnet_mapping":[],"subnets":[],"tags":{},"tags_all":{}}}},{"address":"aws_lb.public_alb","mode":"managed","type":"aws_lb","name":"public_alb","provider_name":"registry.terraform.io/hashicorp/aws","change":{"actions":["create"],"before":null,"after":{"access_logs":[],"client_keep_alive":3600,"connection_logs":[],"customer_owned_ipv4_pool":null,"desync_mitigation_mode":"defensive","dns_record_client_routing_policy":null,"drop_invalid_header_fields":false,"enable_cross_zone_load_balancing":null,"enable_deletion_protection":false,"enable_http2":true,"enable_tls_version_and_cipher_suite_headers":false,"enable_waf_fail_open":false,"enable_xff_client_port":false,"enable_zonal_shift":null,"idle_timeout":60,"internal":false,"load_balancer_type":"application","name":"aalimsee-tf-alb","preserve_host_header":false,"tags":{"CreatedBy":"aalimsee-tf","Name":"aalimsee-tf-alb"},"tags_all":{"CreatedBy":"aalimsee-tf","Name":"aalimsee-tf-alb"},"timeouts":null,"xff_header_processing_mode":"append"},"after_unknown":{"access_logs":[],"arn":true,"arn_suffix":true,"connection_logs":[],"dns_name":true,"enforce_security_group_inbound_rules_on_private_link_traffic":true,"id":true,"ip_address_type":true,"name_prefix":true,"security_groups":true,"subnet_mapping":true,"subnets":true,"tags":{},"tags_all":{},"vpc_id":true,"zone_id":true},"before_sensitive":false,"after_sensitive":{"access_logs":[],"connection_logs":[],"security_groups":[],"subnet_mapping":[],"subnets":[],"tags":{},"tags_all":{}}}},{"address":"aws_lb_listener.internal_listener","mode":"managed","type":"aws_lb_listener","name":"internal_listener","provider_name":"registry.terraform.io/hashicorp/aws","change":{"actions":["create"],"before":null,"after":{"alpn_policy":null,"certificate_arn":null,"default_action":[{"authenticate_cognito":[],"authenticate_oidc":[],"fixed_response":[],"forward":[],"redirect":[],"type":"forward"}],"port":3306,"protocol":"TCP","tags":null,"timeouts":null},"after_unknown":{"arn":true,"default_action":[{"authenticate_cognito":[],"authenticate_oidc":[],"fixed_response":[],"forward":[],"order":true,"redirect":[],"target_group_arn":true}],"id":true,"load_balancer_arn":true,"mutual_authentication":true,"ssl_policy":true,"tags_all":true,"tcp_idle_timeout_seconds":true},"before_sensitive":false,"after_sensitive":{"default_action":[{"authenticate_cognito":[],"authenticate_oidc":[],"fixed_response":[],"forward":[],"redirect":[]}],"mutual_authentication":[],"tags_all":{}}}},{"address":"aws_lb_listener.public_listener","mode":"managed","type":"aws_lb_listener","name":"public_listener","provider_name":"registry.terraform.io/hashicorp/aws","change":{"actions":["create"],"before":null,"after":{"alpn_policy":null,"certificate_arn":null,"default_action":[{"authenticate_cognito":[],"authenticate_oidc":[],"fixed_response":[],"forward":[],"redirect":[],"type":"forward"}],"port":80,"protocol":"HTTP","tags":null,"timeouts":null},"after_unknown":{"arn":true,"default_action":[{"authenticate_cognito":[],"authenticate_oidc":[],"fixed_response":[],"forward":[],"order":true,"redirect":[],"target_group_arn":true}],"id":true,"load_balancer_arn":true,"mutual_authentication":true,"ssl_policy":true,"tags_all":true,"tcp_idle_timeout_seconds":true},"before_sensitive":false,"after_sensitive":{"default_action":[{"authenticate_cognito":[],"authenticate_oidc":[],"fixed_response":[],"forward":[],"redirect":[]}],"mutual_authentication":[],"tags_all":{}}}},{"address":"aws_lb_target_group.internal_tg","mode":"managed","type":"aws_lb_target_group","name":"internal_tg","provider_name":"registry.terraform.io/hashicorp/aws","change":{"actions":["create"],"before":null,"after":{"deregistration_delay":"300","lambda_multi_value_headers_enabled":false,"name":"aalimsee-tf-nlb-target-group","port":3306,"protocol":"TCP","proxy_protocol_v2":false,"slow_start":0,"tags":{"CreatedBy":"aalimsee-tf","Name":"aalimsee-tf-nlb-target-group"},"tags_all":{"CreatedBy":"aalimsee-tf","Name":"aalimsee-tf-nlb-target-group"},"target_type":"instance"},"after_unknown":{"arn":true,"arn_suffix":true,"connection_termination":true,"health_check":true,"id":true,"ip_address_type":true,"load_balancer_arns":true,"load_balancing_algorithm_type":true,"load_balancing_anomaly_mitigation":true,"load_balancing_cross_zone_enabled":true,"name_prefix":true,"preserve_client_ip":true,"protocol_version":true,"stickiness":true,"tags":{},"tags_all":{},"target_failover":true,"target_group_health":true,"target_health_state":true,"vpc_id":true},"before_sensitive":false,"after_sensitive":{"health_check":[],"load_balancer_arns":[],"stickiness":[],"tags":{},"tags_all":{},"target_failover":[],"target_group_health":[],"target_health_state":[]}}},{"address":"aws_lb_target_group.public_tg","mode":"managed","type":"aws_lb_target_group","name":"public_tg","provider_name":"registry.terraform.io/hashicorp/aws","change":{"actions":["create"],"before":null,"after":{"deregistration_delay":"300","lambda_multi_value_headers_enabled":false,"name":"aalimsee-tf-alb-target-group","port":80,"protocol":"HTTP","proxy_protocol_v2":false,"slow_start":0,"tags":{"CreatedBy":"aalimsee-tf","Name":"aalimsee-tf-alb-target-group"},"tags_all":{"CreatedBy":"aalimsee-tf","Name":"aalimsee-tf-alb-target-group"},"target_type":"instance"},"after_unknown":{"arn":true,"arn_suffix":true,"connection_termination":true,"health_check":true,"id":true,"ip_address_type":true,"load_balancer_arns":true,"load_balancing_algorithm_type":true,"load_balancing_anomaly_mitigation":true,"load_balancing_cross_zone_enabled":true,"name_prefix":true,"preserve_client_ip":true,"protocol_version":true,"stickiness":true,"tags":{},"tags_all":{},"target_failover":true,"target_group_health":true,"target_health_state":true,"vpc_id":true},"before_sensitive":false,"after_sensitive":{"health_check":[],"load_balancer_arns":[],"stickiness":[],"tags":{},"tags_all":{},"target_failover":[],"target_group_health":[],"target_health_state":[]}}},{"address":"aws_route_table.aalimsee_tf_public","mode":"managed","type":"aws_route_table","name":"aalimsee_tf_public","provider_name":"registry.terraform.io/hashicorp/aws","change":{"actions":["create"],"before":null,"after":{"route":[{"carrier_gateway_id":"","cidr_block":"0.0.0.0/0","core_network_arn":"","destination_prefix_list_id":"","egress_only_gateway_id":"","ipv6_cidr_block":"","local_gateway_id":"","nat_gateway_id":"","network_interface_id":"","transit_gateway_id":"","vpc_endpoint_id":"","vpc_peering_connection_id":""}],"tags":{"CreatedBy":"aalimsee-tf","Name":"aalimsee-tf-public-route-table"},"tags_all":{"CreatedBy":"aalimsee-tf","Name":"aalimsee-tf-public-route-table"},"timeouts":null},"after_unknown":{"arn":true,"id":true,"owner_id":true,"propagating_vgws":true,"route":[{"gateway_id":true}],"tags":{},"tags_all":{},"vpc_id":true},"before_sensitive":false,"after_sensitive":{"propagating_vgws":[],"route":[{}],"tags":{},"tags_all":{}}}},{"address":"aws_route_table_association.aalimsee_tf_public[0]","mode":"managed","type":"aws_route_table_association","name":"aalimsee_tf_public","index":0,"provider_name":"registry.terraform.io/hashicorp/aws","change":{"actions":["create"],"before":null,"after":{"gateway_id":null,"timeouts":null},"after_unknown":{"id":true,"route_table_id":true,"subnet_id":true},"before_sensitive":false,"after_sensitive":{}}},{"address":"aws_route_table_association.aalimsee_tf_public[1]","mode":"managed","type":"aws_route_table_association","name":"aalimsee_tf_public","index":1,"provider_name":"registry.terraform.io/hashicorp/aws","change":{"actions":["create"],"before":null,"after":{"gateway_id":null,"timeouts":null},"after_unknown":{"id":true,"route_table_id":true,"subnet_id":true},"before_sensitive":false,"after_sensitive":{}}},{"address":"aws_route_table_association.aalimsee_tf_public[2]","mode":"managed","type":"aws_route_table_association","name":"aalimsee_tf_public","index":2,"provider_name":"registry.terraform.io/hashicorp/aws","change":{"actions":["create"],"before":null,"after":{"gateway_id":null,"timeouts":null},"after_unknown":{"id":true,"route_table_id":true,"subnet_id":true},"before_sensitive":false,"after_sensitive":{}}},{"address":"aws_security_group.nlb","mode":"managed","type":"aws_security_group","name":"nlb","provider_name":"registry.terraform.io/hashicorp/aws","change":{"actions":["create"],"before":null,"after":{"description":"Managed by Terraform","egress":[{"cidr_blocks":["0.0.0.0/0"],"description":"Allow all outbound traffic","from_port":0,"ipv6_cidr_blocks":[],"prefix_list_ids":[],"protocol":"-1","security_groups":[],"self":false,"to_port":0}],"ingress":[{"cidr_blocks":["0.0.0.0/0"],"description":"Allow HTTP traffic to NLB","from_port":80,"ipv6_cidr_blocks":[],"prefix_list_ids":[],"protocol":"tcp","security_groups":[],"self":false,"to_port":80}],"name":"aalimsee-tf-nlb-sg","revoke_rules_on_delete":false,"tags":{"CreatedBy":"aalimsee-tf","Name":"aalimsee-tf-nlb-sg"},"tags_all":{"CreatedBy":"aalimsee-tf","Name":"aalimsee-tf-nlb-sg"},"timeouts":null},"after_unknown":{"arn":true,"egress":[{"cidr_blocks":[false],"ipv6_cidr_blocks":[],"prefix_list_ids":[],"security_groups":[]}],"id":true,"ingress":[{"cidr_blocks":[false],"ipv6_cidr_blocks":[],"prefix_list_ids":[],"security_groups":[]}],"name_prefix":true,"owner_id":true,"tags":{},"tags_all":{},"vpc_id":true},"before_sensitive":false,"after_sensitive":{"egress":[{"cidr_blocks":[false],"ipv6_cidr_blocks":[],"prefix_list_ids":[],"security_groups":[]}],"ingress":[{"cidr_blocks":[false],"ipv6_cidr_blocks":[],"prefix_list_ids":[],"security_groups":[]}],"tags":{},"tags_all":{}}}},{"address":"aws_security_group.web","mode":"managed","type":"aws_security_group","name":"web","provider_name":"registry.terraform.io/hashicorp/aws","change":{"actions":["create"],"before":null,"after":{"description":"Managed by Terraform","egress":[{"cidr_blocks":["0.0.0.0/0"],"description":"Allow all outbound traffic","from_port":0,"ipv6_cidr_blocks":[],"prefix_list_ids":[],"protocol":"-1","security_groups":[],"self":false,"to_port":0}],"ingress":[{"cidr_blocks":["0.0.0.0/0"],"description":"Allow HTTP traffic","from_port":80,"ipv6_cidr_blocks":[],"prefix_list_ids":[],"protocol":"tcp","security_groups":[],"self":false,"to_port":80},{"cidr_blocks":["0.0.0.0/0"],"description":"Allow SSH traffic","from_port":22,"ipv6_cidr_blocks":[],"prefix_list_ids":[],"protocol":"tcp","security_groups":[],"self":false,"to_port":22}],"name":"aalimsee-tf-web-sg","revoke_rules_on_delete":false,"tags":{"CreatedBy":"aalimsee-tf","Name":"aalimsee-tf-web-sg"},"tags_all":{"CreatedBy":"aalimsee-tf","Name":"aalimsee-tf-web-sg"},"timeouts":null},"after_unknown":{"arn":true,"egress":[{"cidr_blocks":[false],"ipv6_cidr_blocks":[],"prefix_list_ids":[],"security_groups":[]}],"id":true,"ingress":[{"cidr_blocks":[false],"ipv6_cidr_blocks":[],"prefix_list_ids":[],"security_groups":[]},{"cidr_blocks":[false],"ipv6_cidr_blocks":[],"prefix_list_ids":[],"security_groups":[]}],"name_prefix":true,"owner_id":true,"tags":{},"tags_all":{},"vpc_id":true},"before_sensitive":false,"after_sensitive":{"egress":[{"cidr_blocks":[false],"ipv6_cidr_blocks":[],"prefix_list_ids":[],"security_groups":[]}],"ingress":[{"cidr_blocks":[false],"ipv6_cidr_blocks":[],"prefix_list_ids":[],"security_groups":[]},{"cidr_blocks":[false],"ipv6_cidr_blocks":[],"prefix_list_ids":[],"security_groups":[]}],"tags":{},"tags_all":{}}}},{"address":"aws_subnet.aalimsee_tf_private[0]","mode":"managed","type":"aws_subnet","name":"aalimsee_tf_private","index":0,"provider_name":"registry.terraform.io/hashicorp/aws","change":{"actions":["create"],"before":null,"after":{"assign_ipv6_address_on_creation":false,"availability_zone":"us-east-1a","cidr_block":"10.0.4.0/24","customer_owned_ipv4_pool":null,"enable_dns64":false,"enable_lni_at_device_index":null,"enable_resource_name_dns_a_record_on_launch":false,"enable_resource_name_dns_aaaa_record_on_launch":false,"ipv6_cidr_block":null,"ipv6_native":false,"map_customer_owned_ip_on_launch":null,"map_public_ip_on_launch":false,"outpost_arn":null,"tags":{"CreatedBy":"aalimsee-tf","Name":"aalimsee-tf-private-subnet-1"},"tags_all":{"CreatedBy":"aalimsee-tf","Name":"aalimsee-tf-private-subnet-1"},"timeouts":null},"after_unknown":{"arn":true,"availability_zone_id":true,"id":true,"ipv6_cidr_block_association_id":true,"owner_id":true,"private_dns_hostname_type_on_launch":true,"tags":{},"tags_all":{},"vpc_id":true},"before_sensitive":false,"after_sensitive":{"tags":{},"tags_all":{}}}},{"address":"aws_subnet.aalimsee_tf_private[1]","mode":"managed","type":"aws_subnet","name":"aalimsee_tf_private","index":1,"provider_name":"registry.terraform.io/hashicorp/aws","change":{"actions":["create"],"before":null,"after":{"assign_ipv6_address_on_creation":false,"availability_zone":"us-east-1b","cidr_block":"10.0.5.0/24","customer_owned_ipv4_pool":null,"enable_dns64":false,"enable_lni_at_device_index":null,"enable_resource_name_dns_a_record_on_launch":false,"enable_resource_name_dns_aaaa_record_on_launch":false,"ipv6_cidr_block":null,"ipv6_native":false,"map_customer_owned_ip_on_launch":null,"map_public_ip_on_launch":false,"outpost_arn":null,"tags":{"CreatedBy":"aalimsee-tf","Name":"aalimsee-tf-private-subnet-2"},"tags_all":{"CreatedBy":"aalimsee-tf","Name":"aalimsee-tf-private-subnet-2"},"timeouts":null},"after_unknown":{"arn":true,"availability_zone_id":true,"id":true,"ipv6_cidr_block_association_id":true,"owner_id":true,"private_dns_hostname_type_on_launch":true,"tags":{},"tags_all":{},"vpc_id":true},"before_sensitive":false,"after_sensitive":{"tags":{},"tags_all":{}}}},{"address":"aws_subnet.aalimsee_tf_private[2]","mode":"managed","type":"aws_subnet","name":"aalimsee_tf_private","index":2,"provider_name":"registry.terraform.io/hashicorp/aws","change":{"actions":["create"],"before":null,"after":{"assign_ipv6_address_on_creation":false,"availability_zone":"us-east-1c","cidr_block":"10.0.6.0/24","customer_owned_ipv4_pool":null,"enable_dns64":false,"enable_lni_at_device_index":null,"enable_resource_name_dns_a_record_on_launch":false,"enable_resource_name_dns_aaaa_record_on_launch":false,"ipv6_cidr_block":null,"ipv6_native":false,"map_customer_owned_ip_on_launch":null,"map_public_ip_on_launch":false,"outpost_arn":null,"tags":{"CreatedBy":"aalimsee-tf","Name":"aalimsee-tf-private-subnet-3"},"tags_all":{"CreatedBy":"aalimsee-tf","Name":"aalimsee-tf-private-subnet-3"},"timeouts":null},"after_unknown":{"arn":true,"availability_zone_id":true,"id":true,"ipv6_cidr_block_association_id":true,"owner_id":true,"private_dns_hostname_type_on_launch":true,"tags":{},"tags_all":{},"vpc_id":true},"before_sensitive":false,"after_sensitive":{"tags":{},"tags_all":{}}}},{"address":"aws_subnet.aalimsee_tf_public[0]","mode":"managed","type":"aws_subnet","name":"aalimsee_tf_public","index":0,"provider_name":"registry.terraform.io/hashicorp/aws","change":{"actions":["create"],"before":null,"after":{"assign_ipv6_address_on_creation":false,"availability_zone":"us-east-1a","cidr_block":"10.0.1.0/24","customer_owned_ipv4_pool":null,"enable_dns64":false,"enable_lni_at_device_index":null,"enable_resource_name_dns_a_record_on_launch":false,"enable_resource_name_dns_aaaa_record_on_launch":false,"ipv6_cidr_block":null,"ipv6_native":false,"map_customer_owned_ip_on_launch":null,"map_public_ip_on_launch":true,"outpost_arn":null,"tags":{"CreatedBy":"aalimsee-tf","Name":"aalimsee-tf-public-subnet-1"},"tags_all":{"CreatedBy":"aalimsee-tf","Name":"aalimsee-tf-public-subnet-1"},"timeouts":null},"after_unknown":{"arn":true,"availability_zone_id":true,"id":true,"ipv6_cidr_block_association_id":true,"owner_id":true,"private_dns_hostname_type_on_launch":true,"tags":{},"tags_all":{},"vpc_id":true},"before_sensitive":false,"after_sensitive":{"tags":{},"tags_all":{}}}},{"address":"aws_subnet.aalimsee_tf_public[1]","mode":"managed","type":"aws_subnet","name":"aalimsee_tf_public","index":1,"provider_name":"registry.terraform.io/hashicorp/aws","change":{"actions":["create"],"before":null,"after":{"assign_ipv6_address_on_creation":false,"availability_zone":"us-east-1b","cidr_block":"10.0.2.0/24","customer_owned_ipv4_pool":null,"enable_dns64":false,"enable_lni_at_device_index":null,"enable_resource_name_dns_a_record_on_launch":false,"enable_resource_name_dns_aaaa_record_on_launch":false,"ipv6_cidr_block":null,"ipv6_native":false,"map_customer_owned_ip_on_launch":null,"map_public_ip_on_launch":true,"outpost_arn":null,"tags":{"CreatedBy":"aalimsee-tf","Name":"aalimsee-tf-public-subnet-2"},"tags_all":{"CreatedBy":"aalimsee-tf","Name":"aalimsee-tf-public-subnet-2"},"timeouts":null},"after_unknown":{"arn":true,"availability_zone_id":true,"id":true,"ipv6_cidr_block_association_id":true,"owner_id":true,"private_dns_hostname_type_on_launch":true,"tags":{},"tags_all":{},"vpc_id":true},"before_sensitive":false,"after_sensitive":{"tags":{},"tags_all":{}}}},{"address":"aws_subnet.aalimsee_tf_public[2]","mode":"managed","type":"aws_subnet","name":"aalimsee_tf_public","index":2,"provider_name":"registry.terraform.io/hashicorp/aws","change":{"actions":["create"],"before":null,"after":{"assign_ipv6_address_on_creation":false,"availability_zone":"us-east-1c","cidr_block":"10.0.3.0/24","customer_owned_ipv4_pool":null,"enable_dns64":false,"enable_lni_at_device_index":null,"enable_resource_name_dns_a_record_on_launch":false,"enable_resource_name_dns_aaaa_record_on_launch":false,"ipv6_cidr_block":null,"ipv6_native":false,"map_customer_owned_ip_on_launch":null,"map_public_ip_on_launch":true,"outpost_arn":null,"tags":{"CreatedBy":"aalimsee-tf","Name":"aalimsee-tf-public-subnet-3"},"tags_all":{"CreatedBy":"aalimsee-tf","Name":"aalimsee-tf-public-subnet-3"},"timeouts":null},"after_unknown":{"arn":true,"availability_zone_id":true,"id":true,"ipv6_cidr_block_association_id":true,"owner_id":true,"private_dns_hostname_type_on_launch":true,"tags":{},"tags_all":{},"vpc_id":true},"before_sensitive":false,"after_sensitive":{"tags":{},"tags_all":{}}}},{"address":"aws_vpc.aalimsee_tf_main","mode":"managed","type":"aws_vpc","name":"aalimsee_tf_main","provider_name":"registry.terraform.io/hashicorp/aws","change":{"actions":["create"],"before":null,"after":{"assign_generated_ipv6_cidr_block":null,"cidr_block":"10.0.0.0/16","enable_dns_hostnames":true,"enable_dns_support":true,"instance_tenancy":"default","ipv4_ipam_pool_id":null,"ipv4_netmask_length":null,"ipv6_ipam_pool_id":null,"ipv6_netmask_length":null,"tags":{"CreatedBy":"aalimsee-tf","Name":"aalimsee-tf-vpc"},"tags_all":{"CreatedBy":"aalimsee-tf","Name":"aalimsee-tf-vpc"}},"after_unknown":{"arn":true,"default_network_acl_id":true,"default_route_table_id":true,"default_security_group_id":true,"dhcp_options_id":true,"enable_network_address_usage_metrics":true,"id":true,"ipv6_association_id":true,"ipv6_cidr_block":true,"ipv6_cidr_block_network_border_group":true,"main_route_table_id":true,"owner_id":true,"tags":{},"tags_all":{}},"before_sensitive":false,"after_sensitive":{"tags":{},"tags_all":{}}}}],"prior_state":{"format_version":"1.0","terraform_version":"1.10.4","values":{"root_module":{"resources":[{"address":"data.aws_availability_zones.available","mode":"data","type":"aws_availability_zones","name":"available","provider_name":"registry.terraform.io/hashicorp/aws","schema_version":0,"values":{"all_availability_zones":null,"exclude_names":null,"exclude_zone_ids":null,"filter":null,"group_names":["us-east-1"],"id":"us-east-1","names":["us-east-1a","us-east-1b","us-east-1c","us-east-1d","us-east-1e","us-east-1f"],"state":null,"timeouts":null,"zone_ids":["use1-az1","use1-az2","use1-az4","use1-az6","use1-az3","use1-az5"]},"sensitive_values":{"group_names":[false],"names":[false,false,false,false,false,false],"zone_ids":[false,false,false,false,false,false]}}]}}},"configuration":{"provider_config":{"aws":{"name":"aws","full_name":"registry.terraform.io/hashicorp/aws","expressions":{"region":{"constant_value":"us-east-1"}}}},"root_module":{"resources":[{"address":"aws_autoscaling_group.db_asg","mode":"managed","type":"aws_autoscaling_group","name":"db_asg","provider_config_key":"aws","expressions":{"desired_capacity":{"constant_value":2},"launch_template":[{"id":{"references":["aws_launch_template.db_asg_lt.id","aws_launch_template.db_asg_lt"]},"version":{"constant_value":"$Latest"}}],"max_size":{"constant_value":5},"min_size":{"constant_value":2},"name":{"constant_value":"aalimsee-tf-db-asg"},"tag":[{"key":{"constant_value":"Name"},"propagate_at_launch":{"constant_value":true},"value":{"constant_value":"aalimsee-tf-db-asg"}}],"vpc_zone_identifier":{"references":["aws_subnet.aalimsee_tf_private"]}},"schema_version":1},{"address":"aws_autoscaling_group.web_asg","mode":"managed","type":"aws_autoscaling_group","name":"web_asg","provider_config_key":"aws","expressions":{"desired_capacity":{"constant_value":2},"launch_template":[{"id":{"references":["aws_launch_template.web_asg_lt.id","aws_launch_template.web_asg_lt"]},"version":{"constant_value":"$Latest"}}],"max_size":{"constant_value":5},"min_size":{"constant_value":2},"name":{"constant_value":"aalimsee-tf-web-asg"},"tag":[{"key":{"constant_value":"Name"},"propagate_at_launch":{"constant_value":true},"value":{"constant_value":"aalimsee-tf-web-asg"}}],"vpc_zone_identifier":{"references":["aws_subnet.aalimsee_tf_public"]}},"schema_version":1},{"address":"aws_internet_gateway.aalimsee_tf_igw","mode":"managed","type":"aws_internet_gateway","name":"aalimsee_tf_igw","provider_config_key":"aws","expressions":{"tags":{"constant_value":{"CreatedBy":"aalimsee-tf","Name":"aalimsee-tf-igw"}},"vpc_id":{"references":["aws_vpc.aalimsee_tf_main.id","aws_vpc.aalimsee_tf_main"]}},"schema_version":0},{"address":"aws_launch_template.db_asg_lt","mode":"managed","type":"aws_launch_template","name":"db_asg_lt","provider_config_key":"aws","expressions":{"image_id":{"constant_value":"ami-05576a079321f21f8"},"instance_type":{"constant_value":"t2.micro"},"key_name":{"constant_value":"aalimsee-keypair"},"name":{"constant_value":"aalimsee-tf-db-launch-template"},"tag_specifications":[{"resource_type":{"constant_value":"instance"},"tags":{"constant_value":{"CreatedBy":"aalimsee-tf","Name":"aalimsee-tf-db-instance"}}}]},"schema_version":0},{"address":"aws_launch_template.web_asg_lt","mode":"managed","type":"aws_launch_template","name":"web_asg_lt","provider_config_key":"aws","expressions":{"image_id":{"constant_value":"ami-05576a079321f21f8"},"instance_type":{"constant_value":"t2.micro"},"key_name":{"constant_value":"aalimsee-keypair"},"metadata_options":[{"http_endpoint":{"constant_value":"enabled"},"http_put_response_hop_limit":{"constant_value":2},"http_tokens":{"constant_value":"optional"}}],"name":{"constant_value":"aalimsee-tf-web-launch-template"},"tags":{"constant_value":{"CreatedBy":"aalimsee-tf","Name":"aalimsee-tf-web-instance"}},"user_data":{},"vpc_security_group_ids":{"references":["aws_security_group.web.id","aws_security_group.web"]}},"schema_version":0},{"address":"aws_lb.internal_nlb","mode":"managed","type":"aws_lb","name":"internal_nlb","provider_config_key":"aws","expressions":{"internal":{"constant_value":true},"load_balancer_type":{"constant_value":"network"},"name":{"constant_value":"aalimsee-tf-nlb"},"subnets":{"references":["aws_subnet.aalimsee_tf_private"]},"tags":{"constant_value":{"CreatedBy":"aalimsee-tf","Name":"aalimsee-tf-nlb"}}},"schema_version":0},{"address":"aws_lb.public_alb","mode":"managed","type":"aws_lb","name":"public_alb","provider_config_key":"aws","expressions":{"internal":{"constant_value":false},"load_balancer_type":{"constant_value":"application"},"name":{"constant_value":"aalimsee-tf-alb"},"security_groups":{"references":["aws_security_group.web.id","aws_security_group.web"]},"subnets":{"references":["aws_subnet.aalimsee_tf_public"]},"tags":{"constant_value":{"CreatedBy":"aalimsee-tf","Name":"aalimsee-tf-alb"}}},"schema_version":0},{"address":"aws_lb_listener.internal_listener","mode":"managed","type":"aws_lb_listener","name":"internal_listener","provider_config_key":"aws","expressions":{"default_action":[{"target_group_arn":{"references":["aws_lb_target_group.internal_tg.arn","aws_lb_target_group.internal_tg"]},"type":{"constant_value":"forward"}}],"load_balancer_arn":{"references":["aws_lb.internal_nlb.arn","aws_lb.internal_nlb"]},"port":{"constant_value":3306},"protocol":{"constant_value":"TCP"}},"schema_version":0},{"address":"aws_lb_listener.public_listener","mode":"managed","type":"aws_lb_listener","name":"public_listener","provider_config_key":"aws","expressions":{"default_action":[{"target_group_arn":{"references":["aws_lb_target_group.public_tg.arn","aws_lb_target_group.public_tg"]},"type":{"constant_value":"forward"}}],"load_balancer_arn":{"references":["aws_lb.public_alb.arn","aws_lb.public_alb"]},"port":{"constant_value":80},"protocol":{"constant_value":"HTTP"}},"schema_version":0},{"address":"aws_lb_target_group.internal_tg","mode":"managed","type":"aws_lb_target_group","name":"internal_tg","provider_config_key":"aws","expressions":{"name":{"constant_value":"aalimsee-tf-nlb-target-group"},"port":{"constant_value":3306},"protocol":{"constant_value":"TCP"},"tags":{"constant_value":{"CreatedBy":"aalimsee-tf","Name":"aalimsee-tf-nlb-target-group"}},"vpc_id":{"references":["aws_vpc.aalimsee_tf_main.id","aws_vpc.aalimsee_tf_main"]}},"schema_version":0},{"address":"aws_lb_target_group.public_tg","mode":"managed","type":"aws_lb_target_group","name":"public_tg","provider_config_key":"aws","expressions":{"name":{"constant_value":"aalimsee-tf-alb-target-group"},"port":{"constant_value":80},"protocol":{"constant_value":"HTTP"},"tags":{"constant_value":{"CreatedBy":"aalimsee-tf","Name":"aalimsee-tf-alb-target-group"}},"vpc_id":{"references":["aws_vpc.aalimsee_tf_main.id","aws_vpc.aalimsee_tf_main"]}},"schema_version":0},{"address":"aws_route_table.aalimsee_tf_public","mode":"managed","type":"aws_route_table","name":"aalimsee_tf_public","provider_config_key":"aws","expressions":{"route":{"references":["aws_internet_gateway.aalimsee_tf_igw.id","aws_internet_gateway.aalimsee_tf_igw"]},"tags":{"constant_value":{"CreatedBy":"aalimsee-tf","Name":"aalimsee-tf-public-route-table"}},"vpc_id":{"references":["aws_vpc.aalimsee_tf_main.id","aws_vpc.aalimsee_tf_main"]}},"schema_version":0},{"address":"aws_route_table_association.aalimsee_tf_public","mode":"managed","type":"aws_route_table_association","name":"aalimsee_tf_public","provider_config_key":"aws","expressions":{"route_table_id":{"references":["aws_route_table.aalimsee_tf_public.id","aws_route_table.aalimsee_tf_public"]},"subnet_id":{"references":["aws_subnet.aalimsee_tf_public","count.index"]}},"schema_version":0,"count_expression":{"constant_value":3}},{"address":"aws_security_group.nlb","mode":"managed","type":"aws_security_group","name":"nlb","provider_config_key":"aws","expressions":{"egress":{"constant_value":[{"cidr_blocks":["0.0.0.0/0"],"description":"Allow all outbound traffic","from_port":0,"ipv6_cidr_blocks":null,"prefix_list_ids":null,"protocol":"-1","security_groups":null,"self":null,"to_port":0}]},"ingress":{"constant_value":[{"cidr_blocks":["0.0.0.0/0"],"description":"Allow HTTP traffic to NLB","from_port":80,"ipv6_cidr_blocks":null,"prefix_list_ids":null,"protocol":"tcp","security_groups":null,"self":null,"to_port":80}]},"name":{"constant_value":"aalimsee-tf-nlb-sg"},"tags":{"constant_value":{"CreatedBy":"aalimsee-tf","Name":"aalimsee-tf-nlb-sg"}},"vpc_id":{"references":["aws_vpc.aalimsee_tf_main.id","aws_vpc.aalimsee_tf_main"]}},"schema_version":1},{"address":"aws_security_group.web","mode":"managed","type":"aws_security_group","name":"web","provider_config_key":"aws","expressions":{"egress":{"constant_value":[{"cidr_blocks":["0.0.0.0/0"],"description":"Allow all outbound traffic","from_port":0,"ipv6_cidr_blocks":null,"prefix_list_ids":null,"protocol":"-1","security_groups":null,"self":null,"to_port":0}]},"ingress":{"constant_value":[{"cidr_blocks":["0.0.0.0/0"],"description":"Allow HTTP traffic","from_port":80,"ipv6_cidr_blocks":null,"prefix_list_ids":null,"protocol":"tcp","security_groups":null,"self":null,"to_port":80},{"cidr_blocks":["0.0.0.0/0"],"description":"Allow SSH traffic","from_port":22,"ipv6_cidr_blocks":null,"prefix_list_ids":null,"protocol":"tcp","security_groups":null,"self":null,"to_port":22}]},"name":{"constant_value":"aalimsee-tf-web-sg"},"tags":{"constant_value":{"CreatedBy":"aalimsee-tf","Name":"aalimsee-tf-web-sg"}},"vpc_id":{"references":["aws_vpc.aalimsee_tf_main.id","aws_vpc.aalimsee_tf_main"]}},"schema_version":1},{"address":"aws_subnet.aalimsee_tf_private","mode":"managed","type":"aws_subnet","name":"aalimsee_tf_private","provider_config_key":"aws","expressions":{"availability_zone":{"references":["data.aws_availability_zones.available.names","data.aws_availability_zones.available","count.index"]},"cidr_block":{"references":["count.index"]},"tags":{"references":["count.index"]},"vpc_id":{"references":["aws_vpc.aalimsee_tf_main.id","aws_vpc.aalimsee_tf_main"]}},"schema_version":1,"count_expression":{"constant_value":3}},{"address":"aws_subnet.aalimsee_tf_public","mode":"managed","type":"aws_subnet","name":"aalimsee_tf_public","provider_config_key":"aws","expressions":{"availability_zone":{"references":["data.aws_availability_zones.available.names","data.aws_availability_zones.available","count.index"]},"cidr_block":{"references":["count.index"]},"map_public_ip_on_launch":{"constant_value":true},"tags":{"references":["count.index"]},"vpc_id":{"references":["aws_vpc.aalimsee_tf_main.id","aws_vpc.aalimsee_tf_main"]}},"schema_version":1,"count_expression":{"constant_value":3}},{"address":"aws_vpc.aalimsee_tf_main","mode":"managed","type":"aws_vpc","name":"aalimsee_tf_main","provider_config_key":"aws","expressions":{"cidr_block":{"constant_value":"10.0.0.0/16"},"enable_dns_hostnames":{"constant_value":true},"enable_dns_support":{"constant_value":true},"tags":{"constant_value":{"CreatedBy":"aalimsee-tf","Name":"aalimsee-tf-vpc"}}},"schema_version":1},{"address":"data.aws_availability_zones.available","mode":"data","type":"aws_availability_zones","name":"available","provider_config_key":"aws","schema_version":0}]}},"relevant_attributes":[{"resource":"aws_subnet.aalimsee_tf_private","attribute":[]},{"resource":"aws_lb.internal_nlb","attribute":["arn"]},{"resource":"aws_lb_target_group.public_tg","attribute":["arn"]},{"resource":"aws_vpc.aalimsee_tf_main","attribute":["id"]},{"resource":"aws_route_table.aalimsee_tf_public","attribute":["id"]},{"resource":"data.aws_availability_zones.available","attribute":["names"]},{"resource":"aws_subnet.aalimsee_tf_public","attribute":[]},{"resource":"aws_lb_target_group.internal_tg","attribute":["arn"]},{"resource":"aws_launch_template.db_asg_lt","attribute":["id"]},{"resource":"aws_lb.public_alb","attribute":["arn"]},{"resource":"aws_launch_template.web_asg_lt","attribute":["id"]},{"resource":"aws_internet_gateway.aalimsee_tf_igw","attribute":["id"]},{"resource":"aws_security_group.web","attribute":["id"]}],"timestamp":"2025-01-13T10:28:46Z","applyable":true,"complete":true,"errored":false}
